
Microsoft Visual Studio Solution File, Format Version 12.00
# Visual Studio Version 17
VisualStudioVersion = 17.0.31903.59
MinimumVisualStudioVersion = 10.0.40219.1
Project("{2150E333-8FDC-42A3-9474-1A3956D46DE8}") = "src", "src", "{12A0DB2B-AA1E-4102-BE3B-B2B3ACEA0495}"
EndProject
Project("{2150E333-8FDC-42A3-9474-1A3956D46DE8}") = "tests", "tests", "{D1752C05-421F-47EC-9B0A-738B622A0570}"
EndProject
Project("{2150E333-8FDC-42A3-9474-1A3956D46DE8}") = "unit", "unit", "{E3635685-E269-4E88-B1C8-8FE37097667D}"
EndProject
Project("{2150E333-8FDC-42A3-9474-1A3956D46DE8}") = "ui", "ui", "{F527D4A7-EE92-4B54-B572-B31F7E3D0212}"
EndProject
Project("{FAE04EC0-301F-11D3-BF4B-00C04F79EFBC}") = "RTSPlanner.Core", "src\RTSPlanner.Core\RTSPlanner.Core.csproj", "{12EBA015-EB96-4B2F-8495-4EBCBBC22418}"
EndProject
Project("{FAE04EC0-301F-11D3-BF4B-00C04F79EFBC}") = "RTSPlanner.Core.UnitTests", "tests\unit\RTSPlanner.Core.UnitTests\RTSPlanner.Core.UnitTests.csproj", "{864707D9-5F7D-4B21-9651-4EEF48C727F3}"
EndProject
Project("{FAE04EC0-301F-11D3-BF4B-00C04F79EFBC}") = "RTSPlanner.Avalonia.ReactiveUI", "src\RTSPlanner.Avalonia.ReactiveUI\RTSPlanner.Avalonia.ReactiveUI.csproj", "{38C2EF97-4C12-49AD-8A43-B754EDEB6E93}"
EndProject
Project("{FAE04EC0-301F-11D3-BF4B-00C04F79EFBC}") = "RTSPlanner.Avalonia.ReactiveUI.UITests", "tests\ui\RTSPlanner.Avalonia.ReactiveUI.UITests\RTSPlanner.Avalonia.ReactiveUI.UITests.csproj", "{3CA9C140-A697-49AF-B73C-202E26A92A30}"
EndProject
Project("{FAE04EC0-301F-11D3-BF4B-00C04F79EFBC}") = "RTSPlanner.Avalonia.ReactiveUI.UnitTests", "tests\unit\RTSPlanner.Avalonia.ReactiveUI.UnitTests\RTSPlanner.Avalonia.ReactiveUI.UnitTests.csproj", "{834448CF-8370-4D91-A79F-9D39636BC416}"
EndProject
Project("{2150E333-8FDC-42A3-9474-1A3956D46DE8}") = "roslyn", "roslyn", "{A0188F29-704B-4CCA-91B6-A192CF8A5C25}"
EndProject
Project("{FAE04EC0-301F-11D3-BF4B-00C04F79EFBC}") = "RTSPlanner.Roslyn.Common", "roslyn\RTSPlanner.Roslyn.Common\RTSPlanner.Roslyn.Common.csproj", "{3F434DA3-46C8-44E3-8B3B-E5E7F524D47F}"
EndProject
Project("{FAE04EC0-301F-11D3-BF4B-00C04F79EFBC}") = "RTSPlanner.Roslyn", "roslyn\RTSPlanner.Roslyn\RTSPlanner.Roslyn.csproj", "{27A0A93D-1A0B-4B65-96E8-30A0685C1846}"
EndProject
Project("{FAE04EC0-301F-11D3-BF4B-00C04F79EFBC}") = "RTSPlanner.Roslyn.UnitTests", "tests\unit\RTSPlanner.Roslyn.UnitTests\RTSPlanner.Roslyn.UnitTests.csproj", "{B1F3957D-BDE8-4032-B31A-3AEFE69F52F5}"
EndProject
Global
	GlobalSection(SolutionConfigurationPlatforms) = preSolution
		Debug|Any CPU = Debug|Any CPU
		Release|Any CPU = Release|Any CPU
	EndGlobalSection
	GlobalSection(ProjectConfigurationPlatforms) = postSolution
		{12EBA015-EB96-4B2F-8495-4EBCBBC22418}.Debug|Any CPU.ActiveCfg = Debug|Any CPU
		{12EBA015-EB96-4B2F-8495-4EBCBBC22418}.Debug|Any CPU.Build.0 = Debug|Any CPU
		{12EBA015-EB96-4B2F-8495-4EBCBBC22418}.Release|Any CPU.ActiveCfg = Release|Any CPU
		{12EBA015-EB96-4B2F-8495-4EBCBBC22418}.Release|Any CPU.Build.0 = Release|Any CPU
		{864707D9-5F7D-4B21-9651-4EEF48C727F3}.Debug|Any CPU.ActiveCfg = Debug|Any CPU
		{864707D9-5F7D-4B21-9651-4EEF48C727F3}.Debug|Any CPU.Build.0 = Debug|Any CPU
		{864707D9-5F7D-4B21-9651-4EEF48C727F3}.Release|Any CPU.ActiveCfg = Release|Any CPU
		{864707D9-5F7D-4B21-9651-4EEF48C727F3}.Release|Any CPU.Build.0 = Release|Any CPU
		{38C2EF97-4C12-49AD-8A43-B754EDEB6E93}.Debug|Any CPU.ActiveCfg = Debug|Any CPU
		{38C2EF97-4C12-49AD-8A43-B754EDEB6E93}.Debug|Any CPU.Build.0 = Debug|Any CPU
		{38C2EF97-4C12-49AD-8A43-B754EDEB6E93}.Release|Any CPU.ActiveCfg = Release|Any CPU
		{38C2EF97-4C12-49AD-8A43-B754EDEB6E93}.Release|Any CPU.Build.0 = Release|Any CPU
		{3CA9C140-A697-49AF-B73C-202E26A92A30}.Debug|Any CPU.ActiveCfg = Debug|Any CPU
		{3CA9C140-A697-49AF-B73C-202E26A92A30}.Debug|Any CPU.Build.0 = Debug|Any CPU
		{3CA9C140-A697-49AF-B73C-202E26A92A30}.Release|Any CPU.ActiveCfg = Release|Any CPU
		{3CA9C140-A697-49AF-B73C-202E26A92A30}.Release|Any CPU.Build.0 = Release|Any CPU
		{834448CF-8370-4D91-A79F-9D39636BC416}.Debug|Any CPU.ActiveCfg = Debug|Any CPU
		{834448CF-8370-4D91-A79F-9D39636BC416}.Debug|Any CPU.Build.0 = Debug|Any CPU
		{834448CF-8370-4D91-A79F-9D39636BC416}.Release|Any CPU.ActiveCfg = Release|Any CPU
		{834448CF-8370-4D91-A79F-9D39636BC416}.Release|Any CPU.Build.0 = Release|Any CPU
		{3F434DA3-46C8-44E3-8B3B-E5E7F524D47F}.Debug|Any CPU.ActiveCfg = Debug|Any CPU
		{3F434DA3-46C8-44E3-8B3B-E5E7F524D47F}.Debug|Any CPU.Build.0 = Debug|Any CPU
		{3F434DA3-46C8-44E3-8B3B-E5E7F524D47F}.Release|Any CPU.ActiveCfg = Release|Any CPU
		{3F434DA3-46C8-44E3-8B3B-E5E7F524D47F}.Release|Any CPU.Build.0 = Release|Any CPU
		{27A0A93D-1A0B-4B65-96E8-30A0685C1846}.Debug|Any CPU.ActiveCfg = Debug|Any CPU
		{27A0A93D-1A0B-4B65-96E8-30A0685C1846}.Debug|Any CPU.Build.0 = Debug|Any CPU
		{27A0A93D-1A0B-4B65-96E8-30A0685C1846}.Release|Any CPU.ActiveCfg = Release|Any CPU
		{27A0A93D-1A0B-4B65-96E8-30A0685C1846}.Release|Any CPU.Build.0 = Release|Any CPU
		{B1F3957D-BDE8-4032-B31A-3AEFE69F52F5}.Debug|Any CPU.ActiveCfg = Debug|Any CPU
		{B1F3957D-BDE8-4032-B31A-3AEFE69F52F5}.Debug|Any CPU.Build.0 = Debug|Any CPU
		{B1F3957D-BDE8-4032-B31A-3AEFE69F52F5}.Release|Any CPU.ActiveCfg = Release|Any CPU
		{B1F3957D-BDE8-4032-B31A-3AEFE69F52F5}.Release|Any CPU.Build.0 = Release|Any CPU
	EndGlobalSection
	GlobalSection(SolutionProperties) = preSolution
		HideSolutionNode = FALSE
	EndGlobalSection
	GlobalSection(NestedProjects) = preSolution
		{E3635685-E269-4E88-B1C8-8FE37097667D} = {D1752C05-421F-47EC-9B0A-738B622A0570}
		{F527D4A7-EE92-4B54-B572-B31F7E3D0212} = {D1752C05-421F-47EC-9B0A-738B622A0570}
		{12EBA015-EB96-4B2F-8495-4EBCBBC22418} = {12A0DB2B-AA1E-4102-BE3B-B2B3ACEA0495}
		{864707D9-5F7D-4B21-9651-4EEF48C727F3} = {E3635685-E269-4E88-B1C8-8FE37097667D}
		{38C2EF97-4C12-49AD-8A43-B754EDEB6E93} = {12A0DB2B-AA1E-4102-BE3B-B2B3ACEA0495}
		{3CA9C140-A697-49AF-B73C-202E26A92A30} = {F527D4A7-EE92-4B54-B572-B31F7E3D0212}
		{834448CF-8370-4D91-A79F-9D39636BC416} = {E3635685-E269-4E88-B1C8-8FE37097667D}
		{3F434DA3-46C8-44E3-8B3B-E5E7F524D47F} = {A0188F29-704B-4CCA-91B6-A192CF8A5C25}
		{27A0A93D-1A0B-4B65-96E8-30A0685C1846} = {A0188F29-704B-4CCA-91B6-A192CF8A5C25}
		{B1F3957D-BDE8-4032-B31A-3AEFE69F52F5} = {E3635685-E269-4E88-B1C8-8FE37097667D}
	EndGlobalSection
EndGlobal
